
Microsoft Visual Studio Solution File, Format Version 12.00
# Visual Studio Version 17
VisualStudioVersion = 17.14.36414.22 d17.14
MinimumVisualStudioVersion = 10.0.40219.1
Project("{FAE04EC0-301F-11D3-BF4B-00C04F79EFBC}") = "DevQuestions.Domain", "src\DevQuestions.Domain\DevQuestions.Domain.csproj", "{15242D5B-BA90-400C-9D64-5248B3A023A1}"
EndProject
Project("{2150E333-8FDC-42A3-9474-1A3956D46DE8}") = "src", "src", "{36D591C7-65C7-A0D1-1CBC-10CDE441BDC8}"
EndProject
Global
	GlobalSection(SolutionConfigurationPlatforms) = preSolution
		Debug|Any CPU = Debug|Any CPU
		Release|Any CPU = Release|Any CPU
	EndGlobalSection
	GlobalSection(ProjectConfigurationPlatforms) = postSolution
		{15242D5B-BA90-400C-9D64-5248B3A023A1}.Debug|Any CPU.ActiveCfg = Debug|Any CPU
		{15242D5B-BA90-400C-9D64-5248B3A023A1}.Debug|Any CPU.Build.0 = Debug|Any CPU
		{15242D5B-BA90-400C-9D64-5248B3A023A1}.Release|Any CPU.ActiveCfg = Release|Any CPU
		{15242D5B-BA90-400C-9D64-5248B3A023A1}.Release|Any CPU.Build.0 = Release|Any CPU
	EndGlobalSection
	GlobalSection(SolutionProperties) = preSolution
		HideSolutionNode = FALSE
	EndGlobalSection
	GlobalSection(NestedProjects) = preSolution
		{15242D5B-BA90-400C-9D64-5248B3A023A1} = {36D591C7-65C7-A0D1-1CBC-10CDE441BDC8}
	EndGlobalSection
	GlobalSection(ExtensibilityGlobals) = postSolution
		SolutionGuid = {7C55EF7E-DDA6-444B-A466-64883A5EEE06}
	EndGlobalSection
EndGlobal
